
Microsoft Visual Studio Solution File, Format Version 12.00
# Visual Studio Version 17
VisualStudioVersion = 17.14.36705.20 d17.14
MinimumVisualStudioVersion = 10.0.40219.1
Project("{FAE04EC0-301F-11D3-BF4B-00C04F79EFBC}") = "ZemmieVanities", "ZemmieVanities.csproj", "{5C515415-BA6D-CEA5-9BF1-E22EEF5574E9}"
EndProject
Global
	GlobalSection(SolutionConfigurationPlatforms) = preSolution
		Debug|Any CPU = Debug|Any CPU
		Release|Any CPU = Release|Any CPU
	EndGlobalSection
	GlobalSection(ProjectConfigurationPlatforms) = postSolution
		{5C515415-BA6D-CEA5-9BF1-E22EEF5574E9}.Debug|Any CPU.ActiveCfg = Debug|Any CPU
		{5C515415-BA6D-CEA5-9BF1-E22EEF5574E9}.Debug|Any CPU.Build.0 = Debug|Any CPU
		{5C515415-BA6D-CEA5-9BF1-E22EEF5574E9}.Release|Any CPU.ActiveCfg = Release|Any CPU
		{5C515415-BA6D-CEA5-9BF1-E22EEF5574E9}.Release|Any CPU.Build.0 = Release|Any CPU
	EndGlobalSection
	GlobalSection(SolutionProperties) = preSolution
		HideSolutionNode = FALSE
	EndGlobalSection
	GlobalSection(ExtensibilityGlobals) = postSolution
		SolutionGuid = {E4D48AD0-52AF-4580-9D15-4DA9C48C15CA}
	EndGlobalSection
EndGlobal
